// !$*UTF8*$!
{
	archiveVersion = 1;
	classes = {
	};
	objectVersion = 51;
	objects = {

/* Begin PBXBuildFile section */
		30288DEE643FE975D4C5BBFE /* Pods_Project.framework in Frameworks */ = {isa = PBXBuildFile; fileRef = E7593E292259258E23C35872 /* Pods_Project.framework */; };
		759FF50023A7143700C5C59A /* QXDebugEnvironment.swift in Sources */ = {isa = PBXBuildFile; fileRef = 759FF4FF23A7143700C5C59A /* QXDebugEnvironment.swift */; };
		759FF50223A7152100C5C59A /* QXDebugEnvironmentsViewController.swift in Sources */ = {isa = PBXBuildFile; fileRef = 759FF50123A7152100C5C59A /* QXDebugEnvironmentsViewController.swift */; };
		75BB3DEB236C01360065ADE5 /* AppDelegate.swift in Sources */ = {isa = PBXBuildFile; fileRef = 75BB3DEA236C01360065ADE5 /* AppDelegate.swift */; };
		75BB3DEF236C01360065ADE5 /* ViewController.swift in Sources */ = {isa = PBXBuildFile; fileRef = 75BB3DEE236C01360065ADE5 /* ViewController.swift */; };
		75BB3DF4236C01370065ADE5 /* Assets.xcassets in Resources */ = {isa = PBXBuildFile; fileRef = 75BB3DF3236C01370065ADE5 /* Assets.xcassets */; };
		75BB3DF7236C01370065ADE5 /* LaunchScreen.storyboard in Resources */ = {isa = PBXBuildFile; fileRef = 75BB3DF5236C01370065ADE5 /* LaunchScreen.storyboard */; };
		75E80C2423A7310300A35ED5 /* QXDebugSettingsViewController.swift in Sources */ = {isa = PBXBuildFile; fileRef = 75E80C2323A7310300A35ED5 /* QXDebugSettingsViewController.swift */; };
		75E80C2A23A7618500A35ED5 /* QXDebugSettingsButton.swift in Sources */ = {isa = PBXBuildFile; fileRef = 75E80C2923A7618500A35ED5 /* QXDebugSettingsButton.swift */; };
/* End PBXBuildFile section */

/* Begin PBXFileReference section */
		09970F295F061E4BA93BD295 /* Pods-Project.debug.xcconfig */ = {isa = PBXFileReference; includeInIndex = 1; lastKnownFileType = text.xcconfig; name = "Pods-Project.debug.xcconfig"; path = "Target Support Files/Pods-Project/Pods-Project.debug.xcconfig"; sourceTree = "<group>"; };
		45A5DF73B446BAC924F93470 /* Pods-Project.release.xcconfig */ = {isa = PBXFileReference; includeInIndex = 1; lastKnownFileType = text.xcconfig; name = "Pods-Project.release.xcconfig"; path = "Target Support Files/Pods-Project/Pods-Project.release.xcconfig"; sourceTree = "<group>"; };
		759FF4FF23A7143700C5C59A /* QXDebugEnvironment.swift */ = {isa = PBXFileReference; lastKnownFileType = sourcecode.swift; path = QXDebugEnvironment.swift; sourceTree = "<group>"; };
		759FF50123A7152100C5C59A /* QXDebugEnvironmentsViewController.swift */ = {isa = PBXFileReference; lastKnownFileType = sourcecode.swift; path = QXDebugEnvironmentsViewController.swift; sourceTree = "<group>"; };
		75BB3DE7236C01360065ADE5 /* Project.app */ = {isa = PBXFileReference; explicitFileType = wrapper.application; includeInIndex = 0; path = Project.app; sourceTree = BUILT_PRODUCTS_DIR; };
		75BB3DEA236C01360065ADE5 /* AppDelegate.swift */ = {isa = PBXFileReference; lastKnownFileType = sourcecode.swift; path = AppDelegate.swift; sourceTree = "<group>"; };
		75BB3DEE236C01360065ADE5 /* ViewController.swift */ = {isa = PBXFileReference; lastKnownFileType = sourcecode.swift; path = ViewController.swift; sourceTree = "<group>"; };
		75BB3DF3236C01370065ADE5 /* Assets.xcassets */ = {isa = PBXFileReference; lastKnownFileType = folder.assetcatalog; path = Assets.xcassets; sourceTree = "<group>"; };
		75BB3DF6236C01370065ADE5 /* Base */ = {isa = PBXFileReference; lastKnownFileType = file.storyboard; name = Base; path = Base.lproj/LaunchScreen.storyboard; sourceTree = "<group>"; };
		75BB3DF8236C01370065ADE5 /* Info.plist */ = {isa = PBXFileReference; lastKnownFileType = text.plist.xml; path = Info.plist; sourceTree = "<group>"; };
		75E80C2323A7310300A35ED5 /* QXDebugSettingsViewController.swift */ = {isa = PBXFileReference; lastKnownFileType = sourcecode.swift; path = QXDebugSettingsViewController.swift; sourceTree = "<group>"; };
		75E80C2923A7618500A35ED5 /* QXDebugSettingsButton.swift */ = {isa = PBXFileReference; lastKnownFileType = sourcecode.swift; path = QXDebugSettingsButton.swift; sourceTree = "<group>"; };
		E7593E292259258E23C35872 /* Pods_Project.framework */ = {isa = PBXFileReference; explicitFileType = wrapper.framework; includeInIndex = 0; path = Pods_Project.framework; sourceTree = BUILT_PRODUCTS_DIR; };
/* End PBXFileReference section */

/* Begin PBXFrameworksBuildPhase section */
		75BB3DE4236C01360065ADE5 /* Frameworks */ = {
			isa = PBXFrameworksBuildPhase;
			buildActionMask = 2147483647;
			files = (
				30288DEE643FE975D4C5BBFE /* Pods_Project.framework in Frameworks */,
			);
			runOnlyForDeploymentPostprocessing = 0;
		};
/* End PBXFrameworksBuildPhase section */

/* Begin PBXGroup section */
		2AE0C2BD17924153DC4507DD /* Frameworks */ = {
			isa = PBXGroup;
			children = (
				E7593E292259258E23C35872 /* Pods_Project.framework */,
			);
			name = Frameworks;
			sourceTree = "<group>";
		};
		41349D6EC4BF03CD66DA0DCA /* Pods */ = {
			isa = PBXGroup;
			children = (
				09970F295F061E4BA93BD295 /* Pods-Project.debug.xcconfig */,
				45A5DF73B446BAC924F93470 /* Pods-Project.release.xcconfig */,
			);
			path = Pods;
			sourceTree = "<group>";
		};
		759FF4FE23A713E200C5C59A /* QXDebugSettings */ = {
			isa = PBXGroup;
			children = (
				759FF4FF23A7143700C5C59A /* QXDebugEnvironment.swift */,
				75E80C2923A7618500A35ED5 /* QXDebugSettingsButton.swift */,
				759FF50123A7152100C5C59A /* QXDebugEnvironmentsViewController.swift */,
				75E80C2323A7310300A35ED5 /* QXDebugSettingsViewController.swift */,
			);
			path = QXDebugSettings;
			sourceTree = "<group>";
		};
		75BB3DDE236C01360065ADE5 = {
			isa = PBXGroup;
			children = (
				75BB3DE9236C01360065ADE5 /* Project */,
				75BB3DE8236C01360065ADE5 /* Products */,
				41349D6EC4BF03CD66DA0DCA /* Pods */,
				2AE0C2BD17924153DC4507DD /* Frameworks */,
			);
			sourceTree = "<group>";
		};
		75BB3DE8236C01360065ADE5 /* Products */ = {
			isa = PBXGroup;
			children = (
				75BB3DE7236C01360065ADE5 /* Project.app */,
			);
			name = Products;
			sourceTree = "<group>";
		};
		75BB3DE9236C01360065ADE5 /* Project */ = {
			isa = PBXGroup;
			children = (
				75BB3DEA236C01360065ADE5 /* AppDelegate.swift */,
				75BB3DEE236C01360065ADE5 /* ViewController.swift */,
				759FF4FE23A713E200C5C59A /* QXDebugSettings */,
				75BB3DF3236C01370065ADE5 /* Assets.xcassets */,
				75BB3DF5236C01370065ADE5 /* LaunchScreen.storyboard */,
				75BB3DF8236C01370065ADE5 /* Info.plist */,
			);
			path = Project;
			sourceTree = "<group>";
		};
/* End PBXGroup section */

/* Begin PBXNativeTarget section */
		75BB3DE6236C01360065ADE5 /* Project */ = {
			isa = PBXNativeTarget;
			buildConfigurationList = 75BB3DFB236C01370065ADE5 /* Build configuration list for PBXNativeTarget "Project" */;
			buildPhases = (
				5649EF16018B8A6E37F03D9B /* [CP] Check Pods Manifest.lock */,
				75BB3DE3236C01360065ADE5 /* Sources */,
				75BB3DE4236C01360065ADE5 /* Frameworks */,
				75BB3DE5236C01360065ADE5 /* Resources */,
				A9981A0537009C72D10D4E3B /* [CP] Embed Pods Frameworks */,
			);
			buildRules = (
			);
			dependencies = (
			);
			name = Project;
			productName = Project;
			productReference = 75BB3DE7236C01360065ADE5 /* Project.app */;
			productType = "com.apple.product-type.application";
		};
/* End PBXNativeTarget section */

/* Begin PBXProject section */
		75BB3DDF236C01360065ADE5 /* Project object */ = {
			isa = PBXProject;
			attributes = {
				LastSwiftUpdateCheck = 1110;
				LastUpgradeCheck = 1110;
				ORGANIZATIONNAME = labi3285_lab;
				TargetAttributes = {
					75BB3DE6236C01360065ADE5 = {
						CreatedOnToolsVersion = 11.1;
					};
				};
			};
			buildConfigurationList = 75BB3DE2236C01360065ADE5 /* Build configuration list for PBXProject "Project" */;
			compatibilityVersion = "Xcode 9.3";
			developmentRegion = en;
			hasScannedForEncodings = 0;
			knownRegions = (
				en,
				Base,
			);
			mainGroup = 75BB3DDE236C01360065ADE5;
			productRefGroup = 75BB3DE8236C01360065ADE5 /* Products */;
			projectDirPath = "";
			projectRoot = "";
			targets = (
				75BB3DE6236C01360065ADE5 /* Project */,
			);
		};
/* End PBXProject section */

/* Begin PBXResourcesBuildPhase section */
		75BB3DE5236C01360065ADE5 /* Resources */ = {
			isa = PBXResourcesBuildPhase;
			buildActionMask = 2147483647;
			files = (
				75BB3DF7236C01370065ADE5 /* LaunchScreen.storyboard in Resources */,
				75BB3DF4236C01370065ADE5 /* Assets.xcassets in Resources */,
			);
			runOnlyForDeploymentPostprocessing = 0;
		};
/* End PBXResourcesBuildPhase section */

/* Begin PBXShellScriptBuildPhase section */
		5649EF16018B8A6E37F03D9B /* [CP] Check Pods Manifest.lock */ = {
			isa = PBXShellScriptBuildPhase;
			buildActionMask = 2147483647;
			files = (
			);
			inputFileListPaths = (
			);
			inputPaths = (
				"${PODS_PODFILE_DIR_PATH}/Podfile.lock",
				"${PODS_ROOT}/Manifest.lock",
			);
			name = "[CP] Check Pods Manifest.lock";
			outputFileListPaths = (
			);
			outputPaths = (
				"$(DERIVED_FILE_DIR)/Pods-Project-checkManifestLockResult.txt",
			);
			runOnlyForDeploymentPostprocessing = 0;
			shellPath = /bin/sh;
			shellScript = "diff \"${PODS_PODFILE_DIR_PATH}/Podfile.lock\" \"${PODS_ROOT}/Manifest.lock\" > /dev/null\nif [ $? != 0 ] ; then\n    # print error to STDERR\n    echo \"error: The sandbox is not in sync with the Podfile.lock. Run 'pod install' or update your CocoaPods installation.\" >&2\n    exit 1\nfi\n# This output is used by Xcode 'outputs' to avoid re-running this script phase.\necho \"SUCCESS\" > \"${SCRIPT_OUTPUT_FILE_0}\"\n";
			showEnvVarsInLog = 0;
		};
		A9981A0537009C72D10D4E3B /* [CP] Embed Pods Frameworks */ = {
			isa = PBXShellScriptBuildPhase;
			buildActionMask = 2147483647;
			files = (
			);
			inputFileListPaths = (
				"${PODS_ROOT}/Target Support Files/Pods-Project/Pods-Project-frameworks-${CONFIGURATION}-input-files.xcfilelist",
			);
			name = "[CP] Embed Pods Frameworks";
			outputFileListPaths = (
				"${PODS_ROOT}/Target Support Files/Pods-Project/Pods-Project-frameworks-${CONFIGURATION}-output-files.xcfilelist",
			);
			runOnlyForDeploymentPostprocessing = 0;
			shellPath = /bin/sh;
			shellScript = "\"${PODS_ROOT}/Target Support Files/Pods-Project/Pods-Project-frameworks.sh\"\n";
			showEnvVarsInLog = 0;
		};
/* End PBXShellScriptBuildPhase section */

/* Begin PBXSourcesBuildPhase section */
		75BB3DE3236C01360065ADE5 /* Sources */ = {
			isa = PBXSourcesBuildPhase;
			buildActionMask = 2147483647;
			files = (
				759FF50023A7143700C5C59A /* QXDebugEnvironment.swift in Sources */,
				75BB3DEF236C01360065ADE5 /* ViewController.swift in Sources */,
				75E80C2A23A7618500A35ED5 /* QXDebugSettingsButton.swift in Sources */,
				75E80C2423A7310300A35ED5 /* QXDebugSettingsViewController.swift in Sources */,
				759FF50223A7152100C5C59A /* QXDebugEnvironmentsViewController.swift in Sources */,
				75BB3DEB236C01360065ADE5 /* AppDelegate.swift in Sources */,
			);
			runOnlyForDeploymentPostprocessing = 0;
		};
/* End PBXSourcesBuildPhase section */

/* Begin PBXVariantGroup section */
		75BB3DF5236C01370065ADE5 /* LaunchScreen.storyboard */ = {
			isa = PBXVariantGroup;
			children = (
				75BB3DF6236C01370065ADE5 /* Base */,
			);
			name = LaunchScreen.storyboard;
			sourceTree = "<group>";
		};
/* End PBXVariantGroup section */

/* Begin XCBuildConfiguration section */
		75BB3DF9236C01370065ADE5 /* Debug */ = {
			isa = XCBuildConfiguration;
			buildSettings = {
				ALWAYS_SEARCH_USER_PATHS = NO;
				CLANG_ANALYZER_NONNULL = YES;
				CLANG_ANALYZER_NUMBER_OBJECT_CONVERSION = YES_AGGRESSIVE;
				CLANG_CXX_LANGUAGE_STANDARD = "gnu++14";
				CLANG_CXX_LIBRARY = "libc++";
				CLANG_ENABLE_MODULES = YES;
				CLANG_ENABLE_OBJC_ARC = YES;
				CLANG_ENABLE_OBJC_WEAK = YES;
				CLANG_WARN_BLOCK_CAPTURE_AUTORELEASING = YES;
				CLANG_WARN_BOOL_CONVERSION = YES;
				CLANG_WARN_COMMA = YES;
				CLANG_WARN_CONSTANT_CONVERSION = YES;
				CLANG_WARN_DEPRECATED_OBJC_IMPLEMENTATIONS = YES;
				CLANG_WARN_DIRECT_OBJC_ISA_USAGE = YES_ERROR;
				CLANG_WARN_DOCUMENTATION_COMMENTS = YES;
				CLANG_WARN_EMPTY_BODY = YES;
				CLANG_WARN_ENUM_CONVERSION = YES;
				CLANG_WARN_INFINITE_RECURSION = YES;
				CLANG_WARN_INT_CONVERSION = YES;
				CLANG_WARN_NON_LITERAL_NULL_CONVERSION = YES;
				CLANG_WARN_OBJC_IMPLICIT_RETAIN_SELF = YES;
				CLANG_WARN_OBJC_LITERAL_CONVERSION = YES;
				CLANG_WARN_OBJC_ROOT_CLASS = YES_ERROR;
				CLANG_WARN_RANGE_LOOP_ANALYSIS = YES;
				CLANG_WARN_STRICT_PROTOTYPES = YES;
				CLANG_WARN_SUSPICIOUS_MOVE = YES;
				CLANG_WARN_UNGUARDED_AVAILABILITY = YES_AGGRESSIVE;
				CLANG_WARN_UNREACHABLE_CODE = YES;
				CLANG_WARN__DUPLICATE_METHOD_MATCH = YES;
				COPY_PHASE_STRIP = NO;
				DEBUG_INFORMATION_FORMAT = dwarf;
				ENABLE_STRICT_OBJC_MSGSEND = YES;
				ENABLE_TESTABILITY = YES;
				GCC_C_LANGUAGE_STANDARD = gnu11;
				GCC_DYNAMIC_NO_PIC = NO;
				GCC_NO_COMMON_BLOCKS = YES;
				GCC_OPTIMIZATION_LEVEL = 0;
				GCC_PREPROCESSOR_DEFINITIONS = (
					"DEBUG=1",
					"$(inherited)",
				);
				GCC_WARN_64_TO_32_BIT_CONVERSION = YES;
				GCC_WARN_ABOUT_RETURN_TYPE = YES_ERROR;
				GCC_WARN_UNDECLARED_SELECTOR = YES;
				GCC_WARN_UNINITIALIZED_AUTOS = YES_AGGRESSIVE;
				GCC_WARN_UNUSED_FUNCTION = YES;
				GCC_WARN_UNUSED_VARIABLE = YES;
				IPHONEOS_DEPLOYMENT_TARGET = 9.0;
				MTL_ENABLE_DEBUG_INFO = INCLUDE_SOURCE;
				MTL_FAST_MATH = YES;
				ONLY_ACTIVE_ARCH = YES;
				SDKROOT = iphoneos;
				SWIFT_ACTIVE_COMPILATION_CONDITIONS = DEBUG;
				SWIFT_OPTIMIZATION_LEVEL = "-Onone";
			};
			name = Debug;
		};
		75BB3DFA236C01370065ADE5 /* Release */ = {
			isa = XCBuildConfiguration;
			buildSettings = {
				ALWAYS_SEARCH_USER_PATHS = NO;
				CLANG_ANALYZER_NONNULL = YES;
				CLANG_ANALYZER_NUMBER_OBJECT_CONVERSION = YES_AGGRESSIVE;
				CLANG_CXX_LANGUAGE_STANDARD = "gnu++14";
				CLANG_CXX_LIBRARY = "libc++";
				CLANG_ENABLE_MODULES = YES;
				CLANG_ENABLE_OBJC_ARC = YES;
				CLANG_ENABLE_OBJC_WEAK = YES;
				CLANG_WARN_BLOCK_CAPTURE_AUTORELEASING = YES;
				CLANG_WARN_BOOL_CONVERSION = YES;
				CLANG_WARN_COMMA = YES;
				CLANG_WARN_CONSTANT_CONVERSION = YES;
				CLANG_WARN_DEPRECATED_OBJC_IMPLEMENTATIONS = YES;
				CLANG_WARN_DIRECT_OBJC_ISA_USAGE = YES_ERROR;
				CLANG_WARN_DOCUMENTATION_COMMENTS = YES;
				CLANG_WARN_EMPTY_BODY = YES;
				CLANG_WARN_ENUM_CONVERSION = YES;
				CLANG_WARN_INFINITE_RECURSION = YES;
				CLANG_WARN_INT_CONVERSION = YES;
				CLANG_WARN_NON_LITERAL_NULL_CONVERSION = YES;
				CLANG_WARN_OBJC_IMPLICIT_RETAIN_SELF = YES;
				CLANG_WARN_OBJC_LITERAL_CONVERSION = YES;
				CLANG_WARN_OBJC_ROOT_CLASS = YES_ERROR;
				CLANG_WARN_RANGE_LOOP_ANALYSIS = YES;
				CLANG_WARN_STRICT_PROTOTYPES = YES;
				CLANG_WARN_SUSPICIOUS_MOVE = YES;
				CLANG_WARN_UNGUARDED_AVAILABILITY = YES_AGGRESSIVE;
				CLANG_WARN_UNREACHABLE_CODE = YES;
				CLANG_WARN__DUPLICATE_METHOD_MATCH = YES;
				COPY_PHASE_STRIP = NO;
				DEBUG_INFORMATION_FORMAT = "dwarf-with-dsym";
				ENABLE_NS_ASSERTIONS = NO;
				ENABLE_STRICT_OBJC_MSGSEND = YES;
				GCC_C_LANGUAGE_STANDARD = gnu11;
				GCC_NO_COMMON_BLOCKS = YES;
				GCC_WARN_64_TO_32_BIT_CONVERSION = YES;
				GCC_WARN_ABOUT_RETURN_TYPE = YES_ERROR;
				GCC_WARN_UNDECLARED_SELECTOR = YES;
				GCC_WARN_UNINITIALIZED_AUTOS = YES_AGGRESSIVE;
				GCC_WARN_UNUSED_FUNCTION = YES;
				GCC_WARN_UNUSED_VARIABLE = YES;
				IPHONEOS_DEPLOYMENT_TARGET = 9.0;
				MTL_ENABLE_DEBUG_INFO = NO;
				MTL_FAST_MATH = YES;
				SDKROOT = iphoneos;
				SWIFT_COMPILATION_MODE = wholemodule;
				SWIFT_OPTIMIZATION_LEVEL = "-O";
				VALIDATE_PRODUCT = YES;
			};
			name = Release;
		};
		75BB3DFC236C01370065ADE5 /* Debug */ = {
			isa = XCBuildConfiguration;
			baseConfigurationReference = 09970F295F061E4BA93BD295 /* Pods-Project.debug.xcconfig */;
			buildSettings = {
				ASSETCATALOG_COMPILER_APPICON_NAME = AppIcon;
				CODE_SIGN_STYLE = Automatic;
				DEVELOPMENT_TEAM = 4S3D2DBDGU;
				INFOPLIST_FILE = Project/Info.plist;
				LD_RUNPATH_SEARCH_PATHS = (
					"$(inherited)",
					"@executable_path/Frameworks",
				);
				PRODUCT_BUNDLE_IDENTIFIER = com.labi3285.QXUIKitExtension;
				PRODUCT_NAME = "$(TARGET_NAME)";
				SWIFT_VERSION = 5.0;
				TARGETED_DEVICE_FAMILY = "1,2";
			};
			name = Debug;
		};
		75BB3DFD236C01370065ADE5 /* Release */ = {
			isa = XCBuildConfiguration;
			baseConfigurationReference = 45A5DF73B446BAC924F93470 /* Pods-Project.release.xcconfig */;
			buildSettings = {
				ASSETCATALOG_COMPILER_APPICON_NAME = AppIcon;
				CODE_SIGN_STYLE = Automatic;
				DEVELOPMENT_TEAM = 4S3D2DBDGU;
				INFOPLIST_FILE = Project/Info.plist;
				LD_RUNPATH_SEARCH_PATHS = (
					"$(inherited)",
					"@executable_path/Frameworks",
				);
				PRODUCT_BUNDLE_IDENTIFIER = com.labi3285.QXUIKitExtension;
				PRODUCT_NAME = "$(TARGET_NAME)";
				SWIFT_VERSION = 5.0;
				TARGETED_DEVICE_FAMILY = "1,2";
			};
			name = Release;
		};
/* End XCBuildConfiguration section */

/* Begin XCConfigurationList section */
		75BB3DE2236C01360065ADE5 /* Build configuration list for PBXProject "Project" */ = {
			isa = XCConfigurationList;
			buildConfigurations = (
				75BB3DF9236C01370065ADE5 /* Debug */,
				75BB3DFA236C01370065ADE5 /* Release */,
			);
			defaultConfigurationIsVisible = 0;
			defaultConfigurationName = Release;
		};
		75BB3DFB236C01370065ADE5 /* Build configuration list for PBXNativeTarget "Project" */ = {
			isa = XCConfigurationList;
			buildConfigurations = (
				75BB3DFC236C01370065ADE5 /* Debug */,
				75BB3DFD236C01370065ADE5 /* Release */,
			);
			defaultConfigurationIsVisible = 0;
			defaultConfigurationName = Release;
		};
/* End XCConfigurationList section */
	};
	rootObject = 75BB3DDF236C01360065ADE5 /* Project object */;
}
